
Microsoft Visual Studio Solution File, Format Version 12.00
# Visual Studio 15
VisualStudioVersion = 15.0.28307.1000
MinimumVisualStudioVersion = 10.0.40219.1
Project("{9A19103F-16F7-4668-BE54-9A1E7A4F7556}") = "MicroRabbit.Domain.Core", "MicroRabbit.Domain.Core\MicroRabbit.Domain.Core.csproj", "{37416D03-2F1A-43A8-B57A-771ACD8EE327}"
EndProject
Project("{2150E333-8FDC-42A3-9474-1A3956D46DE8}") = "Domain", "Domain", "{CA484B0A-87A9-4049-81A0-6B6C1748377E}"
EndProject
Project("{2150E333-8FDC-42A3-9474-1A3956D46DE8}") = "Infra.Bus", "Infra.Bus", "{A1634572-A806-43AC-860F-DDDD4DEDB8AF}"
EndProject
Project("{2150E333-8FDC-42A3-9474-1A3956D46DE8}") = "Infra.IoC", "Infra.IoC", "{829AA416-05AC-4464-A575-5034BD7A34D2}"
EndProject
Project("{2150E333-8FDC-42A3-9474-1A3956D46DE8}") = "Microservices", "Microservices", "{D456D744-2AC7-4BA6-90E0-01AA428B4FAE}"
EndProject
Project("{2150E333-8FDC-42A3-9474-1A3956D46DE8}") = "Presentation", "Presentation", "{E06E7EB4-0248-4505-9245-13C3472823F1}"
EndProject
Project("{FAE04EC0-301F-11D3-BF4B-00C04F79EFBC}") = "MicroRabbit.Infra.Bus", "MicroRabbit.Infra.Bus\MicroRabbit.Infra.Bus.csproj", "{0F7DA6D5-C786-4BF1-BBA8-38699AA89704}"
EndProject
Project("{FAE04EC0-301F-11D3-BF4B-00C04F79EFBC}") = "MicroRabbit.Infra.IoC", "MicroRabbit.Infra.IoC\MicroRabbit.Infra.IoC.csproj", "{192ADC9B-D963-4320-A5EF-A74C95207757}"
EndProject
Project("{2150E333-8FDC-42A3-9474-1A3956D46DE8}") = "Banking", "Banking", "{C7C8C2D7-94E4-4EA2-86BF-33072C477FD8}"
EndProject
Project("{2150E333-8FDC-42A3-9474-1A3956D46DE8}") = "Api", "Api", "{F69D35E1-4BF4-492A-AF41-C081F1723222}"
EndProject
Project("{2150E333-8FDC-42A3-9474-1A3956D46DE8}") = "Domain", "Domain", "{E0DDC91C-1B9B-47BC-B029-5C710FDA056E}"
EndProject
Project("{2150E333-8FDC-42A3-9474-1A3956D46DE8}") = "Application", "Application", "{E9488A15-B900-4326-B278-1DCEC6B2E7E2}"
EndProject
Project("{2150E333-8FDC-42A3-9474-1A3956D46DE8}") = "Data", "Data", "{87C84212-1976-4898-A36F-C20B0B2AE12F}"
EndProject
Project("{FAE04EC0-301F-11D3-BF4B-00C04F79EFBC}") = "MicroRabbit.Banking.Api", "MicroRabbit.Banking.Api\MicroRabbit.Banking.Api.csproj", "{476283B2-24FD-4C13-91F8-9A39CB8A1A3D}"
EndProject
Project("{FAE04EC0-301F-11D3-BF4B-00C04F79EFBC}") = "MicroRabbit.Banking.Application", "MicroRabbit.Banking.Application\MicroRabbit.Banking.Application.csproj", "{83657E29-CFDF-486E-9A65-5C64E4299DCF}"
EndProject
Project("{FAE04EC0-301F-11D3-BF4B-00C04F79EFBC}") = "MicroRabbit.Banking.Data", "MicroRabbit.Banking.Data\MicroRabbit.Banking.Data.csproj", "{EDCBA435-75EE-45FA-A98D-A27F0DF1BE7A}"
EndProject
Project("{9A19103F-16F7-4668-BE54-9A1E7A4F7556}") = "MicroRabbit.Banking.Domain", "MicroRabbit\MicroRabbit.Banking.Domain.csproj", "{19AFDEE6-8661-4AA5-AECC-1F6BA1460C93}"
EndProject
Global
	GlobalSection(SolutionConfigurationPlatforms) = preSolution
		Debug|Any CPU = Debug|Any CPU
		Release|Any CPU = Release|Any CPU
	EndGlobalSection
	GlobalSection(ProjectConfigurationPlatforms) = postSolution
		{37416D03-2F1A-43A8-B57A-771ACD8EE327}.Debug|Any CPU.ActiveCfg = Debug|Any CPU
		{37416D03-2F1A-43A8-B57A-771ACD8EE327}.Debug|Any CPU.Build.0 = Debug|Any CPU
		{37416D03-2F1A-43A8-B57A-771ACD8EE327}.Release|Any CPU.ActiveCfg = Release|Any CPU
		{37416D03-2F1A-43A8-B57A-771ACD8EE327}.Release|Any CPU.Build.0 = Release|Any CPU
		{0F7DA6D5-C786-4BF1-BBA8-38699AA89704}.Debug|Any CPU.ActiveCfg = Debug|Any CPU
		{0F7DA6D5-C786-4BF1-BBA8-38699AA89704}.Debug|Any CPU.Build.0 = Debug|Any CPU
		{0F7DA6D5-C786-4BF1-BBA8-38699AA89704}.Release|Any CPU.ActiveCfg = Release|Any CPU
		{0F7DA6D5-C786-4BF1-BBA8-38699AA89704}.Release|Any CPU.Build.0 = Release|Any CPU
		{192ADC9B-D963-4320-A5EF-A74C95207757}.Debug|Any CPU.ActiveCfg = Debug|Any CPU
		{192ADC9B-D963-4320-A5EF-A74C95207757}.Debug|Any CPU.Build.0 = Debug|Any CPU
		{192ADC9B-D963-4320-A5EF-A74C95207757}.Release|Any CPU.ActiveCfg = Release|Any CPU
		{192ADC9B-D963-4320-A5EF-A74C95207757}.Release|Any CPU.Build.0 = Release|Any CPU
		{476283B2-24FD-4C13-91F8-9A39CB8A1A3D}.Debug|Any CPU.ActiveCfg = Debug|Any CPU
		{476283B2-24FD-4C13-91F8-9A39CB8A1A3D}.Debug|Any CPU.Build.0 = Debug|Any CPU
		{476283B2-24FD-4C13-91F8-9A39CB8A1A3D}.Release|Any CPU.ActiveCfg = Release|Any CPU
		{476283B2-24FD-4C13-91F8-9A39CB8A1A3D}.Release|Any CPU.Build.0 = Release|Any CPU
		{83657E29-CFDF-486E-9A65-5C64E4299DCF}.Debug|Any CPU.ActiveCfg = Debug|Any CPU
		{83657E29-CFDF-486E-9A65-5C64E4299DCF}.Debug|Any CPU.Build.0 = Debug|Any CPU
		{83657E29-CFDF-486E-9A65-5C64E4299DCF}.Release|Any CPU.ActiveCfg = Release|Any CPU
		{83657E29-CFDF-486E-9A65-5C64E4299DCF}.Release|Any CPU.Build.0 = Release|Any CPU
		{EDCBA435-75EE-45FA-A98D-A27F0DF1BE7A}.Debug|Any CPU.ActiveCfg = Debug|Any CPU
		{EDCBA435-75EE-45FA-A98D-A27F0DF1BE7A}.Debug|Any CPU.Build.0 = Debug|Any CPU
		{EDCBA435-75EE-45FA-A98D-A27F0DF1BE7A}.Release|Any CPU.ActiveCfg = Release|Any CPU
		{EDCBA435-75EE-45FA-A98D-A27F0DF1BE7A}.Release|Any CPU.Build.0 = Release|Any CPU
		{19AFDEE6-8661-4AA5-AECC-1F6BA1460C93}.Debug|Any CPU.ActiveCfg = Debug|Any CPU
		{19AFDEE6-8661-4AA5-AECC-1F6BA1460C93}.Debug|Any CPU.Build.0 = Debug|Any CPU
		{19AFDEE6-8661-4AA5-AECC-1F6BA1460C93}.Release|Any CPU.ActiveCfg = Release|Any CPU
		{19AFDEE6-8661-4AA5-AECC-1F6BA1460C93}.Release|Any CPU.Build.0 = Release|Any CPU
	EndGlobalSection
	GlobalSection(SolutionProperties) = preSolution
		HideSolutionNode = FALSE
	EndGlobalSection
	GlobalSection(NestedProjects) = preSolution
		{37416D03-2F1A-43A8-B57A-771ACD8EE327} = {CA484B0A-87A9-4049-81A0-6B6C1748377E}
		{0F7DA6D5-C786-4BF1-BBA8-38699AA89704} = {A1634572-A806-43AC-860F-DDDD4DEDB8AF}
		{192ADC9B-D963-4320-A5EF-A74C95207757} = {829AA416-05AC-4464-A575-5034BD7A34D2}
		{C7C8C2D7-94E4-4EA2-86BF-33072C477FD8} = {D456D744-2AC7-4BA6-90E0-01AA428B4FAE}
		{F69D35E1-4BF4-492A-AF41-C081F1723222} = {C7C8C2D7-94E4-4EA2-86BF-33072C477FD8}
		{E0DDC91C-1B9B-47BC-B029-5C710FDA056E} = {C7C8C2D7-94E4-4EA2-86BF-33072C477FD8}
		{E9488A15-B900-4326-B278-1DCEC6B2E7E2} = {C7C8C2D7-94E4-4EA2-86BF-33072C477FD8}
		{87C84212-1976-4898-A36F-C20B0B2AE12F} = {C7C8C2D7-94E4-4EA2-86BF-33072C477FD8}
		{476283B2-24FD-4C13-91F8-9A39CB8A1A3D} = {F69D35E1-4BF4-492A-AF41-C081F1723222}
		{83657E29-CFDF-486E-9A65-5C64E4299DCF} = {E9488A15-B900-4326-B278-1DCEC6B2E7E2}
		{EDCBA435-75EE-45FA-A98D-A27F0DF1BE7A} = {87C84212-1976-4898-A36F-C20B0B2AE12F}
		{19AFDEE6-8661-4AA5-AECC-1F6BA1460C93} = {E0DDC91C-1B9B-47BC-B029-5C710FDA056E}
	EndGlobalSection
	GlobalSection(ExtensibilityGlobals) = postSolution
		SolutionGuid = {BEE1A05B-D5ED-455E-BEE3-253B0CABE360}
	EndGlobalSection
EndGlobal
