
Microsoft Visual Studio Solution File, Format Version 12.00
# Visual Studio 15
VisualStudioVersion = 15.0.28307.1000
MinimumVisualStudioVersion = 10.0.40219.1
Project("{9A19103F-16F7-4668-BE54-9A1E7A4F7556}") = "MicroRabbit.Domain.Core", "MicroRabbit.Domain.Core\MicroRabbit.Domain.Core.csproj", "{37416D03-2F1A-43A8-B57A-771ACD8EE327}"
EndProject
Project("{2150E333-8FDC-42A3-9474-1A3956D46DE8}") = "Domain", "Domain", "{CA484B0A-87A9-4049-81A0-6B6C1748377E}"
EndProject
Project("{2150E333-8FDC-42A3-9474-1A3956D46DE8}") = "Infra.Bus", "Infra.Bus", "{A1634572-A806-43AC-860F-DDDD4DEDB8AF}"
EndProject
Project("{2150E333-8FDC-42A3-9474-1A3956D46DE8}") = "Infra.IoC", "Infra.IoC", "{829AA416-05AC-4464-A575-5034BD7A34D2}"
EndProject
Project("{2150E333-8FDC-42A3-9474-1A3956D46DE8}") = "Microservices", "Microservices", "{D456D744-2AC7-4BA6-90E0-01AA428B4FAE}"
EndProject
Project("{2150E333-8FDC-42A3-9474-1A3956D46DE8}") = "Presentation", "Presentation", "{E06E7EB4-0248-4505-9245-13C3472823F1}"
EndProject
Project("{9A19103F-16F7-4668-BE54-9A1E7A4F7556}") = "MicroRabbit.Infra.Bus", "MicroRabbit.Infra.Bus\MicroRabbit.Infra.Bus.csproj", "{0F7DA6D5-C786-4BF1-BBA8-38699AA89704}"
EndProject
Project("{9A19103F-16F7-4668-BE54-9A1E7A4F7556}") = "MicroRabbit.Infra.IoC", "MicroRabbit.Infra.IoC\MicroRabbit.Infra.IoC.csproj", "{192ADC9B-D963-4320-A5EF-A74C95207757}"
EndProject
Project("{2150E333-8FDC-42A3-9474-1A3956D46DE8}") = "Banking", "Banking", "{6953C0D3-61CB-4CF7-BABF-01966BAC9B47}"
EndProject
Project("{2150E333-8FDC-42A3-9474-1A3956D46DE8}") = "Api", "Api", "{B66ACADE-ED7B-490C-AF3C-F63FC07E981E}"
EndProject
Project("{2150E333-8FDC-42A3-9474-1A3956D46DE8}") = "Application", "Application", "{7E52FB88-A0D4-4FF7-9BD5-0A6B70D6DDBC}"
EndProject
Project("{2150E333-8FDC-42A3-9474-1A3956D46DE8}") = "Data", "Data", "{C996B5A1-7463-4DCD-86F9-4179419D36FF}"
EndProject
Project("{2150E333-8FDC-42A3-9474-1A3956D46DE8}") = "Domain", "Domain", "{76617B29-5DD3-4AF5-8666-7A1511594B7F}"
EndProject
Project("{FAE04EC0-301F-11D3-BF4B-00C04F79EFBC}") = "MicroRabbit.Banking.Api", "MicroRabbit.Banking.Api\MicroRabbit.Banking.Api.csproj", "{5A770A97-C699-436E-98B7-C782CAD03BD4}"
EndProject
Project("{FAE04EC0-301F-11D3-BF4B-00C04F79EFBC}") = "MicroRabbit.Banking.Application", "MicroRabbit.Banking.Application\MicroRabbit.Banking.Application.csproj", "{1D565D17-3A4E-441E-8DDC-38CAD3F1CC9F}"
EndProject
Project("{FAE04EC0-301F-11D3-BF4B-00C04F79EFBC}") = "MicroRabbit.Banking.Data", "MicroRabbit.Banking.Data\MicroRabbit.Banking.Data.csproj", "{22F3E058-DE9F-4FAE-ABB5-6C1C7E98AA67}"
EndProject
Project("{FAE04EC0-301F-11D3-BF4B-00C04F79EFBC}") = "MicroRabbit.Banking.Domain", "MicroRabbit.Banking.Domain\MicroRabbit.Banking.Domain.csproj", "{FD1ABFFD-926C-4171-9C9D-B927FFE952BA}"
EndProject
Global
	GlobalSection(SolutionConfigurationPlatforms) = preSolution
		Debug|Any CPU = Debug|Any CPU
		Release|Any CPU = Release|Any CPU
	EndGlobalSection
	GlobalSection(ProjectConfigurationPlatforms) = postSolution
		{37416D03-2F1A-43A8-B57A-771ACD8EE327}.Debug|Any CPU.ActiveCfg = Debug|Any CPU
		{37416D03-2F1A-43A8-B57A-771ACD8EE327}.Debug|Any CPU.Build.0 = Debug|Any CPU
		{37416D03-2F1A-43A8-B57A-771ACD8EE327}.Release|Any CPU.ActiveCfg = Release|Any CPU
		{37416D03-2F1A-43A8-B57A-771ACD8EE327}.Release|Any CPU.Build.0 = Release|Any CPU
		{0F7DA6D5-C786-4BF1-BBA8-38699AA89704}.Debug|Any CPU.ActiveCfg = Debug|Any CPU
		{0F7DA6D5-C786-4BF1-BBA8-38699AA89704}.Debug|Any CPU.Build.0 = Debug|Any CPU
		{0F7DA6D5-C786-4BF1-BBA8-38699AA89704}.Release|Any CPU.ActiveCfg = Release|Any CPU
		{0F7DA6D5-C786-4BF1-BBA8-38699AA89704}.Release|Any CPU.Build.0 = Release|Any CPU
		{192ADC9B-D963-4320-A5EF-A74C95207757}.Debug|Any CPU.ActiveCfg = Debug|Any CPU
		{192ADC9B-D963-4320-A5EF-A74C95207757}.Debug|Any CPU.Build.0 = Debug|Any CPU
		{192ADC9B-D963-4320-A5EF-A74C95207757}.Release|Any CPU.ActiveCfg = Release|Any CPU
		{192ADC9B-D963-4320-A5EF-A74C95207757}.Release|Any CPU.Build.0 = Release|Any CPU
		{5A770A97-C699-436E-98B7-C782CAD03BD4}.Debug|Any CPU.ActiveCfg = Debug|Any CPU
		{5A770A97-C699-436E-98B7-C782CAD03BD4}.Debug|Any CPU.Build.0 = Debug|Any CPU
		{5A770A97-C699-436E-98B7-C782CAD03BD4}.Release|Any CPU.ActiveCfg = Release|Any CPU
		{5A770A97-C699-436E-98B7-C782CAD03BD4}.Release|Any CPU.Build.0 = Release|Any CPU
		{1D565D17-3A4E-441E-8DDC-38CAD3F1CC9F}.Debug|Any CPU.ActiveCfg = Debug|Any CPU
		{1D565D17-3A4E-441E-8DDC-38CAD3F1CC9F}.Debug|Any CPU.Build.0 = Debug|Any CPU
		{1D565D17-3A4E-441E-8DDC-38CAD3F1CC9F}.Release|Any CPU.ActiveCfg = Release|Any CPU
		{1D565D17-3A4E-441E-8DDC-38CAD3F1CC9F}.Release|Any CPU.Build.0 = Release|Any CPU
		{22F3E058-DE9F-4FAE-ABB5-6C1C7E98AA67}.Debug|Any CPU.ActiveCfg = Debug|Any CPU
		{22F3E058-DE9F-4FAE-ABB5-6C1C7E98AA67}.Debug|Any CPU.Build.0 = Debug|Any CPU
		{22F3E058-DE9F-4FAE-ABB5-6C1C7E98AA67}.Release|Any CPU.ActiveCfg = Release|Any CPU
		{22F3E058-DE9F-4FAE-ABB5-6C1C7E98AA67}.Release|Any CPU.Build.0 = Release|Any CPU
		{FD1ABFFD-926C-4171-9C9D-B927FFE952BA}.Debug|Any CPU.ActiveCfg = Debug|Any CPU
		{FD1ABFFD-926C-4171-9C9D-B927FFE952BA}.Debug|Any CPU.Build.0 = Debug|Any CPU
		{FD1ABFFD-926C-4171-9C9D-B927FFE952BA}.Release|Any CPU.ActiveCfg = Release|Any CPU
		{FD1ABFFD-926C-4171-9C9D-B927FFE952BA}.Release|Any CPU.Build.0 = Release|Any CPU
	EndGlobalSection
	GlobalSection(SolutionProperties) = preSolution
		HideSolutionNode = FALSE
	EndGlobalSection
	GlobalSection(NestedProjects) = preSolution
		{37416D03-2F1A-43A8-B57A-771ACD8EE327} = {CA484B0A-87A9-4049-81A0-6B6C1748377E}
		{0F7DA6D5-C786-4BF1-BBA8-38699AA89704} = {A1634572-A806-43AC-860F-DDDD4DEDB8AF}
		{192ADC9B-D963-4320-A5EF-A74C95207757} = {829AA416-05AC-4464-A575-5034BD7A34D2}
		{6953C0D3-61CB-4CF7-BABF-01966BAC9B47} = {D456D744-2AC7-4BA6-90E0-01AA428B4FAE}
		{B66ACADE-ED7B-490C-AF3C-F63FC07E981E} = {6953C0D3-61CB-4CF7-BABF-01966BAC9B47}
		{7E52FB88-A0D4-4FF7-9BD5-0A6B70D6DDBC} = {6953C0D3-61CB-4CF7-BABF-01966BAC9B47}
		{C996B5A1-7463-4DCD-86F9-4179419D36FF} = {6953C0D3-61CB-4CF7-BABF-01966BAC9B47}
		{76617B29-5DD3-4AF5-8666-7A1511594B7F} = {6953C0D3-61CB-4CF7-BABF-01966BAC9B47}
		{5A770A97-C699-436E-98B7-C782CAD03BD4} = {B66ACADE-ED7B-490C-AF3C-F63FC07E981E}
		{1D565D17-3A4E-441E-8DDC-38CAD3F1CC9F} = {7E52FB88-A0D4-4FF7-9BD5-0A6B70D6DDBC}
		{22F3E058-DE9F-4FAE-ABB5-6C1C7E98AA67} = {C996B5A1-7463-4DCD-86F9-4179419D36FF}
		{FD1ABFFD-926C-4171-9C9D-B927FFE952BA} = {76617B29-5DD3-4AF5-8666-7A1511594B7F}
	EndGlobalSection
	GlobalSection(ExtensibilityGlobals) = postSolution
		SolutionGuid = {BEE1A05B-D5ED-455E-BEE3-253B0CABE360}
	EndGlobalSection
EndGlobal
